
Microsoft Visual Studio Solution File, Format Version 12.00
# Visual Studio Version 16
VisualStudioVersion = 16.0.31402.337
MinimumVisualStudioVersion = 10.0.40219.1
Project("{9A19103F-16F7-4668-BE54-9A1E7A4F7556}") = "TruckFlowDomain", "TruckFlowDomain\TruckFlowDomain.csproj", "{4F765660-5494-40C7-80A0-BD3C350F9EEC}"
EndProject
Project("{9A19103F-16F7-4668-BE54-9A1E7A4F7556}") = "CameraApi", "CameraApi\CameraApi.csproj", "{39189083-096B-46A4-8A2F-855884DE543F}"
EndProject
Project("{9A19103F-16F7-4668-BE54-9A1E7A4F7556}") = "DAOMySql", "DAO\DAOMySql.csproj", "{4DCC1143-5789-4A65-8B3F-03B2F9739D2C}"
EndProject
Project("{9A19103F-16F7-4668-BE54-9A1E7A4F7556}") = "TruckFlowWebApi", "TruckFlowWebApi\TruckFlowWebApi.csproj", "{6924314B-4AA1-4396-967F-A271128EFEA1}"
EndProject
Project("{9A19103F-16F7-4668-BE54-9A1E7A4F7556}") = "DAOExpressSqlEF6", "DAOExpressSqlEF6\DAOExpressSqlEF6.csproj", "{78DA290A-6E1D-4FB3-A17C-9D96A001DDE8}"
EndProject
Global
	GlobalSection(SolutionConfigurationPlatforms) = preSolution
		Debug|Any CPU = Debug|Any CPU
		Release|Any CPU = Release|Any CPU
	EndGlobalSection
	GlobalSection(ProjectConfigurationPlatforms) = postSolution
		{4F765660-5494-40C7-80A0-BD3C350F9EEC}.Debug|Any CPU.ActiveCfg = Debug|Any CPU
		{4F765660-5494-40C7-80A0-BD3C350F9EEC}.Debug|Any CPU.Build.0 = Debug|Any CPU
		{4F765660-5494-40C7-80A0-BD3C350F9EEC}.Release|Any CPU.ActiveCfg = Release|Any CPU
		{4F765660-5494-40C7-80A0-BD3C350F9EEC}.Release|Any CPU.Build.0 = Release|Any CPU
		{39189083-096B-46A4-8A2F-855884DE543F}.Debug|Any CPU.ActiveCfg = Debug|Any CPU
		{39189083-096B-46A4-8A2F-855884DE543F}.Debug|Any CPU.Build.0 = Debug|Any CPU
		{39189083-096B-46A4-8A2F-855884DE543F}.Release|Any CPU.ActiveCfg = Release|Any CPU
		{39189083-096B-46A4-8A2F-855884DE543F}.Release|Any CPU.Build.0 = Release|Any CPU
		{4DCC1143-5789-4A65-8B3F-03B2F9739D2C}.Debug|Any CPU.ActiveCfg = Debug|Any CPU
		{4DCC1143-5789-4A65-8B3F-03B2F9739D2C}.Debug|Any CPU.Build.0 = Debug|Any CPU
		{4DCC1143-5789-4A65-8B3F-03B2F9739D2C}.Release|Any CPU.ActiveCfg = Release|Any CPU
		{4DCC1143-5789-4A65-8B3F-03B2F9739D2C}.Release|Any CPU.Build.0 = Release|Any CPU
		{6924314B-4AA1-4396-967F-A271128EFEA1}.Debug|Any CPU.ActiveCfg = Debug|Any CPU
		{6924314B-4AA1-4396-967F-A271128EFEA1}.Debug|Any CPU.Build.0 = Debug|Any CPU
		{6924314B-4AA1-4396-967F-A271128EFEA1}.Release|Any CPU.ActiveCfg = Release|Any CPU
		{6924314B-4AA1-4396-967F-A271128EFEA1}.Release|Any CPU.Build.0 = Release|Any CPU
		{78DA290A-6E1D-4FB3-A17C-9D96A001DDE8}.Debug|Any CPU.ActiveCfg = Debug|Any CPU
		{78DA290A-6E1D-4FB3-A17C-9D96A001DDE8}.Debug|Any CPU.Build.0 = Debug|Any CPU
		{78DA290A-6E1D-4FB3-A17C-9D96A001DDE8}.Release|Any CPU.ActiveCfg = Release|Any CPU
		{78DA290A-6E1D-4FB3-A17C-9D96A001DDE8}.Release|Any CPU.Build.0 = Release|Any CPU
	EndGlobalSection
	GlobalSection(SolutionProperties) = preSolution
		HideSolutionNode = FALSE
	EndGlobalSection
	GlobalSection(ExtensibilityGlobals) = postSolution
		SolutionGuid = {8A0F7476-1B0B-41FB-8179-1C1081AB50B7}
	EndGlobalSection
EndGlobal
